
Microsoft Visual Studio Solution File, Format Version 12.00
# Visual Studio 15
VisualStudioVersion = 15.0.27703.2000
MinimumVisualStudioVersion = 10.0.40219.1
Project("{FAE04EC0-301F-11D3-BF4B-00C04F79EFBC}") = "Projet_Cinema_Client", "Projet_Cinema_Client\Projet_Cinema_Client.csproj", "{C3320EDB-460E-4711-8E3F-434A53759F61}"
EndProject
Global
	GlobalSection(SolutionConfigurationPlatforms) = preSolution
		Debug|Any CPU = Debug|Any CPU
		Release|Any CPU = Release|Any CPU
	EndGlobalSection
	GlobalSection(ProjectConfigurationPlatforms) = postSolution
		{C3320EDB-460E-4711-8E3F-434A53759F61}.Debug|Any CPU.ActiveCfg = Debug|Any CPU
		{C3320EDB-460E-4711-8E3F-434A53759F61}.Debug|Any CPU.Build.0 = Debug|Any CPU
		{C3320EDB-460E-4711-8E3F-434A53759F61}.Release|Any CPU.ActiveCfg = Release|Any CPU
		{C3320EDB-460E-4711-8E3F-434A53759F61}.Release|Any CPU.Build.0 = Release|Any CPU
	EndGlobalSection
	GlobalSection(SolutionProperties) = preSolution
		HideSolutionNode = FALSE
	EndGlobalSection
	GlobalSection(ExtensibilityGlobals) = postSolution
		SolutionGuid = {E7A62BE9-7C08-45D2-B6FB-125E41F7BA64}
	EndGlobalSection
EndGlobal
